<?xml version="1.0" encoding="UTF-8" standalone="yes" ?>
<CodeBlocks_project_file>
	<FileVersion major="1" minor="6" />
	<Project>
		<Option title="LearnOpenGL" />
		<Option pch_mode="2" />
		<Option compiler="gcc" />
		<Build>
			<Target title="Debug">
				<Option output="bin/Debug/LearnOpenGL" prefix_auto="1" extension_auto="1" />
				<Option object_output="obj/Debug/" />
				<Option type="1" />
				<Option compiler="gcc" />
				<Option projectLinkerOptionsRelation="2" />
				<Compiler>
					<Add option="-g" />
					<Add directory="../Dependecies/include" />
					<Add directory="/home/miofix/Programming/Graphics/LearnOpenGL" />
					<Add directory="../Dependecies/assimp/source/include" />
					<Add directory="../Dependecies/assimp/source/build/include" />
				</Compiler>
				<Linker>
					<Add option="../Dependecies/libglfw3.a -lGL -lX11 -lpthread -lXrandr -lXi -ldl" />
					<Add library="../Dependecies/assimp/source/build/code/libassimp.so" />
					<Add library="../Dependecies/assimp/source/build/code/libassimp.so.4" />
					<Add library="../Dependecies/assimp/build/code/libassimp.so.4.1.0" />
					<Add directory="../Dependecies/assimp/build/code" />
				</Linker>
			</Target>
			<Target title="Release">
				<Option output="bin/Release/LearnOpenGL" prefix_auto="1" extension_auto="1" />
				<Option object_output="obj/Release/" />
				<Option type="1" />
				<Option compiler="gcc" />
				<Compiler>
					<Add option="-O2" />
				</Compiler>
				<Linker>
					<Add option="-s" />
				</Linker>
			</Target>
		</Build>
		<Compiler>
			<Add option="-Wall" />
			<Add option="-fexceptions" />
		</Compiler>
		<Linker>
			<Add directory="../Dependecies/glfw_misc/glfw-3.3.1/src" />
			<Add directory="../Dependecies/glfw_misc/glfw-3.3.1/include/GLFW" />
			<Add directory="../Dependecies/glfw_misc" />
		</Linker>
		<Unit filename="../Dependecies/include/glad/glad.c">
			<Option compilerVar="CC" />
		</Unit>
		<Unit filename="Advanced/DepthTesting/main_dt_1.cpp">
			<Option compile="0" />
			<Option link="0" />
		</Unit>
		<Unit filename="Advanced/StencilTesting/main_stencil_1.cpp">
			<Option compile="0" />
			<Option link="0" />
		</Unit>
		<Unit filename="Advanced/StencilTesting/main_stencil_2.cpp">
			<Option compile="0" />
			<Option link="0" />
		</Unit>
		<Unit filename="Advanced/StencilTesting/main_stencil_3.cpp" />
		<Unit filename="Lights/BasicLight/main_lights_1.cpp">
			<Option compile="0" />
			<Option link="0" />
		</Unit>
		<Unit filename="Lights/BasicLight/main_lights_2.cpp">
			<Option compile="0" />
			<Option link="0" />
		</Unit>
		<Unit filename="Lights/BasicLight/main_lights_3.cpp">
			<Option compile="0" />
			<Option link="0" />
		</Unit>
		<Unit filename="Lights/Colors/main_lights_1.cpp">
			<Option compile="0" />
			<Option link="0" />
		</Unit>
		<Unit filename="Lights/Colors/main_lights_2.cpp">
			<Option compile="0" />
			<Option link="0" />
		</Unit>
		<Unit filename="Lights/LightCasters/main_lc_1.cpp">
			<Option compile="0" />
			<Option link="0" />
		</Unit>
		<Unit filename="Lights/LightsMaps/main_lm_1.cpp">
			<Option compile="0" />
			<Option link="0" />
		</Unit>
		<Unit filename="Lights/LightsMaps/main_lm_2.cpp">
			<Option compile="0" />
			<Option link="0" />
		</Unit>
		<Unit filename="Lights/LightsMaps/main_lm_with_ambient_textures.cpp">
			<Option compile="0" />
			<Option link="0" />
		</Unit>
		<Unit filename="Lights/Materials/main_materials_1.cpp">
			<Option compile="0" />
			<Option link="0" />
		</Unit>
		<Unit filename="Lights/Materials/main_materials_2.cpp">
			<Option compile="0" />
			<Option link="0" />
		</Unit>
		<Unit filename="Lights/MultipleLights/main_ml_1.cpp">
			<Option compile="0" />
			<Option link="0" />
		</Unit>
		<Unit filename="Lights/Shaders/color_fragment.glsl" />
		<Unit filename="Lights/Shaders/color_vertex.glsl" />
		<Unit filename="Mesh.h" />
		<Unit filename="Model.h" />
		<Unit filename="Models/Mesh/main_mesh_1.cpp">
			<Option compile="0" />
			<Option link="0" />
		</Unit>
		<Unit filename="Practice/heightmap.h" />
		<Unit filename="Program.cpp" />
		<Unit filename="Program.h" />
		<Unit filename="camera.h" />
		<Unit filename="helper.cpp" />
		<Unit filename="helper.h" />
		<Unit filename="main.cpp">
			<Option compile="0" />
			<Option link="0" />
		</Unit>
		<Unit filename="send_pos_and_color_in_2different_vbos.cpp">
			<Option compile="0" />
			<Option link="0" />
		</Unit>
		<Unit filename="stb_image.h" />
		<Extensions>
			<envvars />
			<code_completion />
			<debugger />
			<lib_finder disable_auto="1" />
		</Extensions>
	</Project>
</CodeBlocks_project_file>
