<?xml version="1.0" encoding="UTF-8" standalone="yes" ?>
<CodeBlocks_project_file>
	<FileVersion major="1" minor="6" />
	<Project>
		<Option title="Projects" />
		<Option pch_mode="2" />
		<Option compiler="gcc" />
		<Build>
			<Target title="Debug">
				<Option output="bin/Debug/Projects" prefix_auto="1" extension_auto="1" />
				<Option object_output="obj/Debug/" />
				<Option type="1" />
				<Option compiler="gcc" />
				<Compiler>
					<Add option="-g" />
					<Add directory="../../include" />
					<Add directory="../../../../Dependecies/include" />
				</Compiler>
				<Linker>
					<Add option="/home/miofix/Programming/Graphics/Dependecies/libglfw3.a -lGL -lX11 -lpthread -lXrandr -lXi -ldl" />
				</Linker>
			</Target>
			<Target title="Release">
				<Option output="bin/Release/Projects" prefix_auto="1" extension_auto="1" />
				<Option object_output="obj/Release/" />
				<Option type="1" />
				<Option compiler="gcc" />
				<Compiler>
					<Add option="-O2" />
				</Compiler>
				<Linker>
					<Add option="-s" />
				</Linker>
			</Target>
		</Build>
		<Compiler>
			<Add option="-Wall" />
			<Add option="-fexceptions" />
			<Add directory="common" />
			<Add directory="../../../../LearnOpenGL" />
		</Compiler>
		<Unit filename="../../src/sb7/gl3w.c">
			<Option compilerVar="CC" />
		</Unit>
		<Unit filename="../../src/sb7/sb7.cpp" />
		<Unit filename="../../src/sb7/sb7color.cpp" />
		<Unit filename="../../src/sb7/sb7ktx.cpp" />
		<Unit filename="../../src/sb7/sb7object.cpp" />
		<Unit filename="../../src/sb7/sb7shader.cpp" />
		<Unit filename="../../src/sb7/sb7textoverlay.cpp" />
		<Unit filename="3c_tessellation.cpp" />
		<Unit filename="common/Program.h" />
		<Unit filename="common/src/Program.cpp" />
		<Unit filename="common/src/helper.cpp" />
		<Unit filename="main_code/2c_point.cpp" />
		<Unit filename="main_code/2c_rainbow_screen.cpp" />
		<Unit filename="main_code/2c_triangle.cpp" />
		<Unit filename="main_code/3с_attribute_test.cpp" />
		<Unit filename="main_code/5c_buffer_vao.cpp" />
		<Unit filename="main_code/5c_cube_1.cpp" />
		<Unit filename="main_code/5c_curve.cpp" />
		<Unit filename="main_code/5c_soa_aos.cpp" />
		<Unit filename="main_code/5c_texture_1.cpp" />
		<Unit filename="main_code/5c_tunnel.cpp" />
		<Unit filename="main_code/5c_ubo.cpp" />
		<Extensions>
			<envvars />
			<code_completion />
			<debugger />
			<lib_finder disable_auto="1" />
		</Extensions>
	</Project>
</CodeBlocks_project_file>
